# This file is automatically @generated by Cargo.
# It is not intended for manual editing.
version = 4

[[package]]
name = "device-loader-archive"
version = "0.1.0"
dependencies = [
 "loader-core",
]

[[package]]
name = "frontend"
version = "0.1.0"

[[package]]
name = "ir"
version = "0.1.0"
dependencies = [
 "frontend",
]

[[package]]
name = "lmod"
version = "0.1.0"
dependencies = [
 "ir",
]

[[package]]
name = "loader-core"
version = "0.1.0"
dependencies = [
 "lmod",
]
