# This file is automatically @generated by Cargo.
# It is not intended for manual editing.
version = 4

[[package]]
name = "codegen-core"
version = "0.1.0"
dependencies = [
 "frontend",
 "ir",
]

[[package]]
name = "codegen-x86_64"
version = "0.1.0"
dependencies = [
 "codegen-core",
 "frontend",
 "ir",
 "semantics",
]

[[package]]
name = "execution-tests"
version = "0.1.0"
dependencies = [
 "codegen-core",
]

[[package]]
name = "frontend"
version = "0.1.0"

[[package]]
name = "hosted"
version = "0.1.0"

[[package]]
name = "hosted-rt"
version = "0.1.0"
dependencies = [
 "hosted",
]

[[package]]
name = "ir"
version = "0.1.0"
dependencies = [
 "frontend",
]

[[package]]
name = "lang-assemble"
version = "0.1.0"
dependencies = [
 "codegen-core",
 "hosted",
 "hosted-rt",
]

[[package]]
name = "langc"
version = "0.1.0"
dependencies = [
 "codegen-core",
 "codegen-x86_64",
 "frontend",
 "hosted",
 "hosted-rt",
 "ir",
 "semantics",
]

[[package]]
name = "semantics"
version = "0.1.0"
dependencies = [
 "frontend",
 "ir",
]

[[package]]
name = "tooling-tests"
version = "0.1.0"
dependencies = [
 "hosted",
]
